// !$*UTF8*$!
{
	archiveVersion = 1;
	classes = {
	};
	objectVersion = 55;
	objects = {

/* Begin PBXBuildFile section */
		4D21D8F8286FA81F00DA04E1 /* SignUpTabView.swift in Sources */ = {isa = PBXBuildFile; fileRef = 4D21D8F7286FA81F00DA04E1 /* SignUpTabView.swift */; };
		4D21D8FA286FA82E00DA04E1 /* SocialMediaView.swift in Sources */ = {isa = PBXBuildFile; fileRef = 4D21D8F9286FA82E00DA04E1 /* SocialMediaView.swift */; };
		4D21D8FC286FA86200DA04E1 /* StreamSettingsView.swift in Sources */ = {isa = PBXBuildFile; fileRef = 4D21D8FB286FA86200DA04E1 /* StreamSettingsView.swift */; };
		4D21D8FF286FA8A100DA04E1 /* InterestsView.swift in Sources */ = {isa = PBXBuildFile; fileRef = 4D21D8FE286FA8A100DA04E1 /* InterestsView.swift */; };
		4D21D902286FBD2000DA04E1 /* Ext+Binding.swift in Sources */ = {isa = PBXBuildFile; fileRef = 4D21D901286FBD2000DA04E1 /* Ext+Binding.swift */; };
		4D860D50286BE1CD000F9213 /* CustomPickerMenuView.swift in Sources */ = {isa = PBXBuildFile; fileRef = 4D860D4F286BE1CD000F9213 /* CustomPickerMenuView.swift */; };
		4D87CB532874BECD007794E0 /* SignUpTabViewModel.swift in Sources */ = {isa = PBXBuildFile; fileRef = 4D87CB522874BECD007794E0 /* SignUpTabViewModel.swift */; };
		4D87CB562874D1E4007794E0 /* Collections in Frameworks */ = {isa = PBXBuildFile; productRef = 4D87CB552874D1E4007794E0 /* Collections */; };
		4D87CB582874D1E4007794E0 /* DequeModule in Frameworks */ = {isa = PBXBuildFile; productRef = 4D87CB572874D1E4007794E0 /* DequeModule */; };
		4D87CB5A2874D1E4007794E0 /* OrderedCollections in Frameworks */ = {isa = PBXBuildFile; productRef = 4D87CB592874D1E4007794E0 /* OrderedCollections */; };
		4D87CB5C2874D340007794E0 /* CustomButtonView.swift in Sources */ = {isa = PBXBuildFile; fileRef = 4D87CB5B2874D340007794E0 /* CustomButtonView.swift */; };
		4D87CB5E2874DF85007794E0 /* InterestResponse.swift in Sources */ = {isa = PBXBuildFile; fileRef = 4D87CB5D2874DF85007794E0 /* InterestResponse.swift */; };
		4D87CB602874DFB4007794E0 /* LanguageResponse.swift in Sources */ = {isa = PBXBuildFile; fileRef = 4D87CB5F2874DFB4007794E0 /* LanguageResponse.swift */; };
		4D87CB622874E39F007794E0 /* StreamSettingsViewModel.swift in Sources */ = {isa = PBXBuildFile; fileRef = 4D87CB612874E39F007794E0 /* StreamSettingsViewModel.swift */; };
		4D87CB642874E927007794E0 /* InterestsViewModel.swift in Sources */ = {isa = PBXBuildFile; fileRef = 4D87CB632874E927007794E0 /* InterestsViewModel.swift */; };
		4DA0B98C286D4814008EAEBB /* CityResponse.swift in Sources */ = {isa = PBXBuildFile; fileRef = 4DA0B98B286D4814008EAEBB /* CityResponse.swift */; };
		57472C75284648030064A256 /* Streamer.swift in Sources */ = {isa = PBXBuildFile; fileRef = 57472C74284648030064A256 /* Streamer.swift */; };
		574ADD102848131700400117 /* CustomHeaderView.swift in Sources */ = {isa = PBXBuildFile; fileRef = 574ADD0F2848131700400117 /* CustomHeaderView.swift */; };
		574ADD1328481C6D00400117 /* CountryResponse.swift in Sources */ = {isa = PBXBuildFile; fileRef = 574ADD1228481C6D00400117 /* CountryResponse.swift */; };
		57AC36FD2847BA7500CD67CE /* LivadService.swift in Sources */ = {isa = PBXBuildFile; fileRef = 57AC36FC2847BA7500CD67CE /* LivadService.swift */; };
		57AC36FF2847C9CA00CD67CE /* AuthenticationViewModel.swift in Sources */ = {isa = PBXBuildFile; fileRef = 57AC36FE2847C9CA00CD67CE /* AuthenticationViewModel.swift */; };
		57AEE22828465FD9007156B3 /* LoginData.swift in Sources */ = {isa = PBXBuildFile; fileRef = 57AEE22728465FD9007156B3 /* LoginData.swift */; };
		57AEE22A284796E7007156B3 /* ProfileInfoViewModel.swift in Sources */ = {isa = PBXBuildFile; fileRef = 57AEE229284796E7007156B3 /* ProfileInfoViewModel.swift */; };
		57AEE22C2847970B007156B3 /* Setting.swift in Sources */ = {isa = PBXBuildFile; fileRef = 57AEE22B2847970B007156B3 /* Setting.swift */; };
		57B6FD90281D9DE5006E71B6 /* CustomTextField.swift in Sources */ = {isa = PBXBuildFile; fileRef = 57B6FD8F281D9DE5006E71B6 /* CustomTextField.swift */; };
		57C13174281C4BC700E3FE1F /* LivadApp.swift in Sources */ = {isa = PBXBuildFile; fileRef = 57C13173281C4BC700E3FE1F /* LivadApp.swift */; };
		57C13176281C4BC700E3FE1F /* ProfileInfoView.swift in Sources */ = {isa = PBXBuildFile; fileRef = 57C13175281C4BC700E3FE1F /* ProfileInfoView.swift */; };
		57C13178281C4BCE00E3FE1F /* Assets.xcassets in Resources */ = {isa = PBXBuildFile; fileRef = 57C13177281C4BCE00E3FE1F /* Assets.xcassets */; };
		57C1317B281C4BCE00E3FE1F /* Preview Assets.xcassets in Resources */ = {isa = PBXBuildFile; fileRef = 57C1317A281C4BCE00E3FE1F /* Preview Assets.xcassets */; };
		57D5ED72284965A900B4D515 /* AuthenticationService.swift in Sources */ = {isa = PBXBuildFile; fileRef = 57D5ED71284965A800B4D515 /* AuthenticationService.swift */; };
		57E86B3E283C0EEF00831A5E /* Auth0 in Frameworks */ = {isa = PBXBuildFile; productRef = 57E86B3D283C0EEF00831A5E /* Auth0 */; };
		57E86B40283C0F1200831A5E /* Auth0.plist in Resources */ = {isa = PBXBuildFile; fileRef = 57E86B3F283C0F1200831A5E /* Auth0.plist */; };
		57E86B42283C0FE000831A5E /* AuthenticationView.swift in Sources */ = {isa = PBXBuildFile; fileRef = 57E86B41283C0FDF00831A5E /* AuthenticationView.swift */; };
/* End PBXBuildFile section */

/* Begin PBXFileReference section */
		4D21D8F7286FA81F00DA04E1 /* SignUpTabView.swift */ = {isa = PBXFileReference; lastKnownFileType = sourcecode.swift; path = SignUpTabView.swift; sourceTree = "<group>"; };
		4D21D8F9286FA82E00DA04E1 /* SocialMediaView.swift */ = {isa = PBXFileReference; lastKnownFileType = sourcecode.swift; path = SocialMediaView.swift; sourceTree = "<group>"; };
		4D21D8FB286FA86200DA04E1 /* StreamSettingsView.swift */ = {isa = PBXFileReference; lastKnownFileType = sourcecode.swift; path = StreamSettingsView.swift; sourceTree = "<group>"; };
		4D21D8FE286FA8A100DA04E1 /* InterestsView.swift */ = {isa = PBXFileReference; lastKnownFileType = sourcecode.swift; path = InterestsView.swift; sourceTree = "<group>"; };
		4D21D901286FBD2000DA04E1 /* Ext+Binding.swift */ = {isa = PBXFileReference; lastKnownFileType = sourcecode.swift; path = "Ext+Binding.swift"; sourceTree = "<group>"; };
		4D860D4F286BE1CD000F9213 /* CustomPickerMenuView.swift */ = {isa = PBXFileReference; lastKnownFileType = sourcecode.swift; path = CustomPickerMenuView.swift; sourceTree = "<group>"; };
		4D87CB522874BECD007794E0 /* SignUpTabViewModel.swift */ = {isa = PBXFileReference; lastKnownFileType = sourcecode.swift; path = SignUpTabViewModel.swift; sourceTree = "<group>"; };
		4D87CB5B2874D340007794E0 /* CustomButtonView.swift */ = {isa = PBXFileReference; lastKnownFileType = sourcecode.swift; path = CustomButtonView.swift; sourceTree = "<group>"; };
		4D87CB5D2874DF85007794E0 /* InterestResponse.swift */ = {isa = PBXFileReference; lastKnownFileType = sourcecode.swift; path = InterestResponse.swift; sourceTree = "<group>"; };
		4D87CB5F2874DFB4007794E0 /* LanguageResponse.swift */ = {isa = PBXFileReference; lastKnownFileType = sourcecode.swift; path = LanguageResponse.swift; sourceTree = "<group>"; };
		4D87CB612874E39F007794E0 /* StreamSettingsViewModel.swift */ = {isa = PBXFileReference; lastKnownFileType = sourcecode.swift; path = StreamSettingsViewModel.swift; sourceTree = "<group>"; };
		4D87CB632874E927007794E0 /* InterestsViewModel.swift */ = {isa = PBXFileReference; lastKnownFileType = sourcecode.swift; path = InterestsViewModel.swift; sourceTree = "<group>"; };
		4DA0B98B286D4814008EAEBB /* CityResponse.swift */ = {isa = PBXFileReference; lastKnownFileType = sourcecode.swift; path = CityResponse.swift; sourceTree = "<group>"; };
		57472C74284648030064A256 /* Streamer.swift */ = {isa = PBXFileReference; lastKnownFileType = sourcecode.swift; path = Streamer.swift; sourceTree = "<group>"; };
		574ADD0F2848131700400117 /* CustomHeaderView.swift */ = {isa = PBXFileReference; lastKnownFileType = sourcecode.swift; path = CustomHeaderView.swift; sourceTree = "<group>"; };
		574ADD1228481C6D00400117 /* CountryResponse.swift */ = {isa = PBXFileReference; lastKnownFileType = sourcecode.swift; path = CountryResponse.swift; sourceTree = "<group>"; };
		57AC36FC2847BA7500CD67CE /* LivadService.swift */ = {isa = PBXFileReference; lastKnownFileType = sourcecode.swift; path = LivadService.swift; sourceTree = "<group>"; };
		57AC36FE2847C9CA00CD67CE /* AuthenticationViewModel.swift */ = {isa = PBXFileReference; lastKnownFileType = sourcecode.swift; name = AuthenticationViewModel.swift; path = ../AuthenticationViewModel.swift; sourceTree = "<group>"; };
		57AEE22728465FD9007156B3 /* LoginData.swift */ = {isa = PBXFileReference; lastKnownFileType = sourcecode.swift; path = LoginData.swift; sourceTree = "<group>"; };
		57AEE229284796E7007156B3 /* ProfileInfoViewModel.swift */ = {isa = PBXFileReference; lastKnownFileType = sourcecode.swift; path = ProfileInfoViewModel.swift; sourceTree = "<group>"; };
		57AEE22B2847970B007156B3 /* Setting.swift */ = {isa = PBXFileReference; lastKnownFileType = sourcecode.swift; path = Setting.swift; sourceTree = "<group>"; };
		57B6FD8F281D9DE5006E71B6 /* CustomTextField.swift */ = {isa = PBXFileReference; lastKnownFileType = sourcecode.swift; path = CustomTextField.swift; sourceTree = "<group>"; };
		57C13170281C4BC700E3FE1F /* Livad.app */ = {isa = PBXFileReference; explicitFileType = wrapper.application; includeInIndex = 0; path = Livad.app; sourceTree = BUILT_PRODUCTS_DIR; };
		57C13173281C4BC700E3FE1F /* LivadApp.swift */ = {isa = PBXFileReference; lastKnownFileType = sourcecode.swift; path = LivadApp.swift; sourceTree = "<group>"; };
		57C13175281C4BC700E3FE1F /* ProfileInfoView.swift */ = {isa = PBXFileReference; lastKnownFileType = sourcecode.swift; path = ProfileInfoView.swift; sourceTree = "<group>"; };
		57C13177281C4BCE00E3FE1F /* Assets.xcassets */ = {isa = PBXFileReference; lastKnownFileType = folder.assetcatalog; path = Assets.xcassets; sourceTree = "<group>"; };
		57C1317A281C4BCE00E3FE1F /* Preview Assets.xcassets */ = {isa = PBXFileReference; lastKnownFileType = folder.assetcatalog; path = "Preview Assets.xcassets"; sourceTree = "<group>"; };
		57D5ED71284965A800B4D515 /* AuthenticationService.swift */ = {isa = PBXFileReference; lastKnownFileType = sourcecode.swift; path = AuthenticationService.swift; sourceTree = "<group>"; };
		57E86B3B283C0DF100831A5E /* Info.plist */ = {isa = PBXFileReference; lastKnownFileType = text.plist; path = Info.plist; sourceTree = "<group>"; };
		57E86B3F283C0F1200831A5E /* Auth0.plist */ = {isa = PBXFileReference; lastKnownFileType = text.plist.xml; path = Auth0.plist; sourceTree = "<group>"; };
		57E86B41283C0FDF00831A5E /* AuthenticationView.swift */ = {isa = PBXFileReference; lastKnownFileType = sourcecode.swift; path = AuthenticationView.swift; sourceTree = "<group>"; };
/* End PBXFileReference section */

/* Begin PBXFrameworksBuildPhase section */
		57C1316D281C4BC700E3FE1F /* Frameworks */ = {
			isa = PBXFrameworksBuildPhase;
			buildActionMask = 2147483647;
			files = (
				4D87CB562874D1E4007794E0 /* Collections in Frameworks */,
				57E86B3E283C0EEF00831A5E /* Auth0 in Frameworks */,
				4D87CB5A2874D1E4007794E0 /* OrderedCollections in Frameworks */,
				4D87CB582874D1E4007794E0 /* DequeModule in Frameworks */,
			);
			runOnlyForDeploymentPostprocessing = 0;
		};
/* End PBXFrameworksBuildPhase section */

/* Begin PBXGroup section */
		4D21D8FD286FA86A00DA04E1 /* ProfileSettingView */ = {
			isa = PBXGroup;
			children = (
				57C13175281C4BC700E3FE1F /* ProfileInfoView.swift */,
				4D21D8F9286FA82E00DA04E1 /* SocialMediaView.swift */,
				4D21D8FB286FA86200DA04E1 /* StreamSettingsView.swift */,
				4D21D8FE286FA8A100DA04E1 /* InterestsView.swift */,
			);
			path = ProfileSettingView;
			sourceTree = "<group>";
		};
		4D21D900286FBD1600DA04E1 /* Helpers */ = {
			isa = PBXGroup;
			children = (
				4D21D901286FBD2000DA04E1 /* Ext+Binding.swift */,
			);
			path = Helpers;
			sourceTree = "<group>";
		};
		57AEE22D28479ADF007156B3 /* Models */ = {
			isa = PBXGroup;
			children = (
				57B47D90284810FC003CFA20 /* Services */,
				57AEE22E28479AE6007156B3 /* Entities */,
			);
			path = Models;
			sourceTree = "<group>";
		};
		57AEE22E28479AE6007156B3 /* Entities */ = {
			isa = PBXGroup;
			children = (
				57AEE22728465FD9007156B3 /* LoginData.swift */,
				57472C74284648030064A256 /* Streamer.swift */,
				57AEE22B2847970B007156B3 /* Setting.swift */,
				574ADD1228481C6D00400117 /* CountryResponse.swift */,
				4DA0B98B286D4814008EAEBB /* CityResponse.swift */,
				4D87CB5D2874DF85007794E0 /* InterestResponse.swift */,
				4D87CB5F2874DFB4007794E0 /* LanguageResponse.swift */,
			);
			path = Entities;
			sourceTree = "<group>";
		};
		57B47D8D28481047003CFA20 /* Views */ = {
			isa = PBXGroup;
			children = (
				4D21D8FD286FA86A00DA04E1 /* ProfileSettingView */,
				57B47D8F284810CD003CFA20 /* CustomViews */,
				57E86B41283C0FDF00831A5E /* AuthenticationView.swift */,
				4D21D8F7286FA81F00DA04E1 /* SignUpTabView.swift */,
			);
			path = Views;
			sourceTree = "<group>";
		};
		57B47D8E2848104F003CFA20 /* ViewModels */ = {
			isa = PBXGroup;
			children = (
				57AEE229284796E7007156B3 /* ProfileInfoViewModel.swift */,
				57AC36FE2847C9CA00CD67CE /* AuthenticationViewModel.swift */,
				4D87CB522874BECD007794E0 /* SignUpTabViewModel.swift */,
				4D87CB612874E39F007794E0 /* StreamSettingsViewModel.swift */,
				4D87CB632874E927007794E0 /* InterestsViewModel.swift */,
			);
			path = ViewModels;
			sourceTree = "<group>";
		};
		57B47D8F284810CD003CFA20 /* CustomViews */ = {
			isa = PBXGroup;
			children = (
				574ADD0F2848131700400117 /* CustomHeaderView.swift */,
				57B6FD8F281D9DE5006E71B6 /* CustomTextField.swift */,
				4D860D4F286BE1CD000F9213 /* CustomPickerMenuView.swift */,
				4D87CB5B2874D340007794E0 /* CustomButtonView.swift */,
			);
			path = CustomViews;
			sourceTree = "<group>";
		};
		57B47D90284810FC003CFA20 /* Services */ = {
			isa = PBXGroup;
			children = (
				57AC36FC2847BA7500CD67CE /* LivadService.swift */,
				57D5ED71284965A800B4D515 /* AuthenticationService.swift */,
			);
			path = Services;
			sourceTree = "<group>";
		};
		57B6FD8E281D9DD3006E71B6 /* Utils */ = {
			isa = PBXGroup;
			children = (
			);
			path = Utils;
			sourceTree = "<group>";
		};
		57C13167281C4BC700E3FE1F = {
			isa = PBXGroup;
			children = (
				57C13172281C4BC700E3FE1F /* Livad */,
				57C13171281C4BC700E3FE1F /* Products */,
			);
			sourceTree = "<group>";
		};
		57C13171281C4BC700E3FE1F /* Products */ = {
			isa = PBXGroup;
			children = (
				57C13170281C4BC700E3FE1F /* Livad.app */,
			);
			name = Products;
			sourceTree = "<group>";
		};
		57C13172281C4BC700E3FE1F /* Livad */ = {
			isa = PBXGroup;
			children = (
				57B47D8E2848104F003CFA20 /* ViewModels */,
				57B47D8D28481047003CFA20 /* Views */,
				57AEE22D28479ADF007156B3 /* Models */,
				4D21D900286FBD1600DA04E1 /* Helpers */,
				57C13173281C4BC700E3FE1F /* LivadApp.swift */,
				57E86B3B283C0DF100831A5E /* Info.plist */,
				57E86B3F283C0F1200831A5E /* Auth0.plist */,
				57B6FD8E281D9DD3006E71B6 /* Utils */,
				57C13177281C4BCE00E3FE1F /* Assets.xcassets */,
				57C13179281C4BCE00E3FE1F /* Preview Content */,
			);
			path = Livad;
			sourceTree = "<group>";
		};
		57C13179281C4BCE00E3FE1F /* Preview Content */ = {
			isa = PBXGroup;
			children = (
				57C1317A281C4BCE00E3FE1F /* Preview Assets.xcassets */,
			);
			path = "Preview Content";
			sourceTree = "<group>";
		};
/* End PBXGroup section */

/* Begin PBXNativeTarget section */
		57C1316F281C4BC700E3FE1F /* Livad */ = {
			isa = PBXNativeTarget;
			buildConfigurationList = 57C1317E281C4BCE00E3FE1F /* Build configuration list for PBXNativeTarget "Livad" */;
			buildPhases = (
				57C1316C281C4BC700E3FE1F /* Sources */,
				57C1316D281C4BC700E3FE1F /* Frameworks */,
				57C1316E281C4BC700E3FE1F /* Resources */,
			);
			buildRules = (
			);
			dependencies = (
			);
			name = Livad;
			packageProductDependencies = (
				57E86B3D283C0EEF00831A5E /* Auth0 */,
				4D87CB552874D1E4007794E0 /* Collections */,
				4D87CB572874D1E4007794E0 /* DequeModule */,
				4D87CB592874D1E4007794E0 /* OrderedCollections */,
			);
			productName = Livad;
			productReference = 57C13170281C4BC700E3FE1F /* Livad.app */;
			productType = "com.apple.product-type.application";
		};
/* End PBXNativeTarget section */

/* Begin PBXProject section */
		57C13168281C4BC700E3FE1F /* Project object */ = {
			isa = PBXProject;
			attributes = {
				BuildIndependentTargetsInParallel = 1;
				LastSwiftUpdateCheck = 1330;
				LastUpgradeCheck = 1330;
				TargetAttributes = {
					57C1316F281C4BC700E3FE1F = {
						CreatedOnToolsVersion = 13.3.1;
					};
				};
			};
			buildConfigurationList = 57C1316B281C4BC700E3FE1F /* Build configuration list for PBXProject "Livad" */;
			compatibilityVersion = "Xcode 13.0";
			developmentRegion = en;
			hasScannedForEncodings = 0;
			knownRegions = (
				en,
				Base,
			);
			mainGroup = 57C13167281C4BC700E3FE1F;
			packageReferences = (
				57E86B3C283C0EEF00831A5E /* XCRemoteSwiftPackageReference "Auth0" */,
				4D87CB542874D1E4007794E0 /* XCRemoteSwiftPackageReference "swift-collections" */,
			);
			productRefGroup = 57C13171281C4BC700E3FE1F /* Products */;
			projectDirPath = "";
			projectRoot = "";
			targets = (
				57C1316F281C4BC700E3FE1F /* Livad */,
			);
		};
/* End PBXProject section */

/* Begin PBXResourcesBuildPhase section */
		57C1316E281C4BC700E3FE1F /* Resources */ = {
			isa = PBXResourcesBuildPhase;
			buildActionMask = 2147483647;
			files = (
				57C1317B281C4BCE00E3FE1F /* Preview Assets.xcassets in Resources */,
				57E86B40283C0F1200831A5E /* Auth0.plist in Resources */,
				57C13178281C4BCE00E3FE1F /* Assets.xcassets in Resources */,
			);
			runOnlyForDeploymentPostprocessing = 0;
		};
/* End PBXResourcesBuildPhase section */

/* Begin PBXSourcesBuildPhase section */
		57C1316C281C4BC700E3FE1F /* Sources */ = {
			isa = PBXSourcesBuildPhase;
			buildActionMask = 2147483647;
			files = (
				4D860D50286BE1CD000F9213 /* CustomPickerMenuView.swift in Sources */,
				57AEE22828465FD9007156B3 /* LoginData.swift in Sources */,
				4D21D8FA286FA82E00DA04E1 /* SocialMediaView.swift in Sources */,
				4D87CB5C2874D340007794E0 /* CustomButtonView.swift in Sources */,
				57AC36FF2847C9CA00CD67CE /* AuthenticationViewModel.swift in Sources */,
				57AEE22C2847970B007156B3 /* Setting.swift in Sources */,
				57AEE22A284796E7007156B3 /* ProfileInfoViewModel.swift in Sources */,
				4DA0B98C286D4814008EAEBB /* CityResponse.swift in Sources */,
				4D21D8F8286FA81F00DA04E1 /* SignUpTabView.swift in Sources */,
				57E86B42283C0FE000831A5E /* AuthenticationView.swift in Sources */,
				4D87CB642874E927007794E0 /* InterestsViewModel.swift in Sources */,
				574ADD102848131700400117 /* CustomHeaderView.swift in Sources */,
				57C13176281C4BC700E3FE1F /* ProfileInfoView.swift in Sources */,
				57C13174281C4BC700E3FE1F /* LivadApp.swift in Sources */,
				4D21D8FC286FA86200DA04E1 /* StreamSettingsView.swift in Sources */,
				4D87CB532874BECD007794E0 /* SignUpTabViewModel.swift in Sources */,
				57472C75284648030064A256 /* Streamer.swift in Sources */,
				4D21D8FF286FA8A100DA04E1 /* InterestsView.swift in Sources */,
				57D5ED72284965A900B4D515 /* AuthenticationService.swift in Sources */,
				57AC36FD2847BA7500CD67CE /* LivadService.swift in Sources */,
				4D87CB5E2874DF85007794E0 /* InterestResponse.swift in Sources */,
				4D87CB602874DFB4007794E0 /* LanguageResponse.swift in Sources */,
				574ADD1328481C6D00400117 /* CountryResponse.swift in Sources */,
				57B6FD90281D9DE5006E71B6 /* CustomTextField.swift in Sources */,
				4D21D902286FBD2000DA04E1 /* Ext+Binding.swift in Sources */,
				4D87CB622874E39F007794E0 /* StreamSettingsViewModel.swift in Sources */,
			);
			runOnlyForDeploymentPostprocessing = 0;
		};
/* End PBXSourcesBuildPhase section */

/* Begin XCBuildConfiguration section */
		57C1317C281C4BCE00E3FE1F /* Debug */ = {
			isa = XCBuildConfiguration;
			buildSettings = {
				ALWAYS_SEARCH_USER_PATHS = NO;
				CLANG_ANALYZER_NONNULL = YES;
				CLANG_ANALYZER_NUMBER_OBJECT_CONVERSION = YES_AGGRESSIVE;
				CLANG_CXX_LANGUAGE_STANDARD = "gnu++17";
				CLANG_ENABLE_MODULES = YES;
				CLANG_ENABLE_OBJC_ARC = YES;
				CLANG_ENABLE_OBJC_WEAK = YES;
				CLANG_WARN_BLOCK_CAPTURE_AUTORELEASING = YES;
				CLANG_WARN_BOOL_CONVERSION = YES;
				CLANG_WARN_COMMA = YES;
				CLANG_WARN_CONSTANT_CONVERSION = YES;
				CLANG_WARN_DEPRECATED_OBJC_IMPLEMENTATIONS = YES;
				CLANG_WARN_DIRECT_OBJC_ISA_USAGE = YES_ERROR;
				CLANG_WARN_DOCUMENTATION_COMMENTS = YES;
				CLANG_WARN_EMPTY_BODY = YES;
				CLANG_WARN_ENUM_CONVERSION = YES;
				CLANG_WARN_INFINITE_RECURSION = YES;
				CLANG_WARN_INT_CONVERSION = YES;
				CLANG_WARN_NON_LITERAL_NULL_CONVERSION = YES;
				CLANG_WARN_OBJC_IMPLICIT_RETAIN_SELF = YES;
				CLANG_WARN_OBJC_LITERAL_CONVERSION = YES;
				CLANG_WARN_OBJC_ROOT_CLASS = YES_ERROR;
				CLANG_WARN_QUOTED_INCLUDE_IN_FRAMEWORK_HEADER = YES;
				CLANG_WARN_RANGE_LOOP_ANALYSIS = YES;
				CLANG_WARN_STRICT_PROTOTYPES = YES;
				CLANG_WARN_SUSPICIOUS_MOVE = YES;
				CLANG_WARN_UNGUARDED_AVAILABILITY = YES_AGGRESSIVE;
				CLANG_WARN_UNREACHABLE_CODE = YES;
				CLANG_WARN__DUPLICATE_METHOD_MATCH = YES;
				COPY_PHASE_STRIP = NO;
				DEBUG_INFORMATION_FORMAT = dwarf;
				ENABLE_STRICT_OBJC_MSGSEND = YES;
				ENABLE_TESTABILITY = YES;
				GCC_C_LANGUAGE_STANDARD = gnu11;
				GCC_DYNAMIC_NO_PIC = NO;
				GCC_NO_COMMON_BLOCKS = YES;
				GCC_OPTIMIZATION_LEVEL = 0;
				GCC_PREPROCESSOR_DEFINITIONS = (
					"DEBUG=1",
					"$(inherited)",
				);
				GCC_WARN_64_TO_32_BIT_CONVERSION = YES;
				GCC_WARN_ABOUT_RETURN_TYPE = YES_ERROR;
				GCC_WARN_UNDECLARED_SELECTOR = YES;
				GCC_WARN_UNINITIALIZED_AUTOS = YES_AGGRESSIVE;
				GCC_WARN_UNUSED_FUNCTION = YES;
				GCC_WARN_UNUSED_VARIABLE = YES;
				IPHONEOS_DEPLOYMENT_TARGET = 15.4;
				MTL_ENABLE_DEBUG_INFO = INCLUDE_SOURCE;
				MTL_FAST_MATH = YES;
				ONLY_ACTIVE_ARCH = YES;
				SDKROOT = iphoneos;
				SWIFT_ACTIVE_COMPILATION_CONDITIONS = DEBUG;
				SWIFT_OPTIMIZATION_LEVEL = "-Onone";
			};
			name = Debug;
		};
		57C1317D281C4BCE00E3FE1F /* Release */ = {
			isa = XCBuildConfiguration;
			buildSettings = {
				ALWAYS_SEARCH_USER_PATHS = NO;
				CLANG_ANALYZER_NONNULL = YES;
				CLANG_ANALYZER_NUMBER_OBJECT_CONVERSION = YES_AGGRESSIVE;
				CLANG_CXX_LANGUAGE_STANDARD = "gnu++17";
				CLANG_ENABLE_MODULES = YES;
				CLANG_ENABLE_OBJC_ARC = YES;
				CLANG_ENABLE_OBJC_WEAK = YES;
				CLANG_WARN_BLOCK_CAPTURE_AUTORELEASING = YES;
				CLANG_WARN_BOOL_CONVERSION = YES;
				CLANG_WARN_COMMA = YES;
				CLANG_WARN_CONSTANT_CONVERSION = YES;
				CLANG_WARN_DEPRECATED_OBJC_IMPLEMENTATIONS = YES;
				CLANG_WARN_DIRECT_OBJC_ISA_USAGE = YES_ERROR;
				CLANG_WARN_DOCUMENTATION_COMMENTS = YES;
				CLANG_WARN_EMPTY_BODY = YES;
				CLANG_WARN_ENUM_CONVERSION = YES;
				CLANG_WARN_INFINITE_RECURSION = YES;
				CLANG_WARN_INT_CONVERSION = YES;
				CLANG_WARN_NON_LITERAL_NULL_CONVERSION = YES;
				CLANG_WARN_OBJC_IMPLICIT_RETAIN_SELF = YES;
				CLANG_WARN_OBJC_LITERAL_CONVERSION = YES;
				CLANG_WARN_OBJC_ROOT_CLASS = YES_ERROR;
				CLANG_WARN_QUOTED_INCLUDE_IN_FRAMEWORK_HEADER = YES;
				CLANG_WARN_RANGE_LOOP_ANALYSIS = YES;
				CLANG_WARN_STRICT_PROTOTYPES = YES;
				CLANG_WARN_SUSPICIOUS_MOVE = YES;
				CLANG_WARN_UNGUARDED_AVAILABILITY = YES_AGGRESSIVE;
				CLANG_WARN_UNREACHABLE_CODE = YES;
				CLANG_WARN__DUPLICATE_METHOD_MATCH = YES;
				COPY_PHASE_STRIP = NO;
				DEBUG_INFORMATION_FORMAT = "dwarf-with-dsym";
				ENABLE_NS_ASSERTIONS = NO;
				ENABLE_STRICT_OBJC_MSGSEND = YES;
				GCC_C_LANGUAGE_STANDARD = gnu11;
				GCC_NO_COMMON_BLOCKS = YES;
				GCC_WARN_64_TO_32_BIT_CONVERSION = YES;
				GCC_WARN_ABOUT_RETURN_TYPE = YES_ERROR;
				GCC_WARN_UNDECLARED_SELECTOR = YES;
				GCC_WARN_UNINITIALIZED_AUTOS = YES_AGGRESSIVE;
				GCC_WARN_UNUSED_FUNCTION = YES;
				GCC_WARN_UNUSED_VARIABLE = YES;
				IPHONEOS_DEPLOYMENT_TARGET = 15.4;
				MTL_ENABLE_DEBUG_INFO = NO;
				MTL_FAST_MATH = YES;
				SDKROOT = iphoneos;
				SWIFT_COMPILATION_MODE = wholemodule;
				SWIFT_OPTIMIZATION_LEVEL = "-O";
				VALIDATE_PRODUCT = YES;
			};
			name = Release;
		};
		57C1317F281C4BCE00E3FE1F /* Debug */ = {
			isa = XCBuildConfiguration;
			buildSettings = {
				ASSETCATALOG_COMPILER_APPICON_NAME = AppIcon;
				ASSETCATALOG_COMPILER_GLOBAL_ACCENT_COLOR_NAME = AccentColor;
				CODE_SIGN_IDENTITY = "Apple Development";
				CODE_SIGN_STYLE = Automatic;
				CURRENT_PROJECT_VERSION = 1;
				DEVELOPMENT_ASSET_PATHS = "\"Livad/Preview Content\"";
				DEVELOPMENT_TEAM = 62739J54F9;
				ENABLE_PREVIEWS = YES;
				GENERATE_INFOPLIST_FILE = YES;
				INFOPLIST_FILE = Livad/Info.plist;
				INFOPLIST_KEY_UIApplicationSceneManifest_Generation = YES;
				INFOPLIST_KEY_UIApplicationSupportsIndirectInputEvents = YES;
				INFOPLIST_KEY_UILaunchScreen_Generation = YES;
				INFOPLIST_KEY_UISupportedInterfaceOrientations_iPad = "UIInterfaceOrientationPortrait UIInterfaceOrientationPortraitUpsideDown UIInterfaceOrientationLandscapeLeft UIInterfaceOrientationLandscapeRight";
				INFOPLIST_KEY_UISupportedInterfaceOrientations_iPhone = "UIInterfaceOrientationPortrait UIInterfaceOrientationLandscapeLeft UIInterfaceOrientationLandscapeRight";
				LD_RUNPATH_SEARCH_PATHS = (
					"$(inherited)",
					"@executable_path/Frameworks",
				);
				MARKETING_VERSION = 1.0;
				PRODUCT_BUNDLE_IDENTIFIER = stream.livad.Livad;
				PRODUCT_NAME = "$(TARGET_NAME)";
				PROVISIONING_PROFILE_SPECIFIER = "";
				SWIFT_EMIT_LOC_STRINGS = YES;
				SWIFT_VERSION = 5.0;
				TARGETED_DEVICE_FAMILY = "1,2";
			};
			name = Debug;
		};
		57C13180281C4BCE00E3FE1F /* Release */ = {
			isa = XCBuildConfiguration;
			buildSettings = {
				ASSETCATALOG_COMPILER_APPICON_NAME = AppIcon;
				ASSETCATALOG_COMPILER_GLOBAL_ACCENT_COLOR_NAME = AccentColor;
				CODE_SIGN_IDENTITY = "Apple Development";
				CODE_SIGN_STYLE = Automatic;
				CURRENT_PROJECT_VERSION = 1;
				DEVELOPMENT_ASSET_PATHS = "\"Livad/Preview Content\"";
				DEVELOPMENT_TEAM = 62739J54F9;
				ENABLE_PREVIEWS = YES;
				GENERATE_INFOPLIST_FILE = YES;
				INFOPLIST_FILE = Livad/Info.plist;
				INFOPLIST_KEY_UIApplicationSceneManifest_Generation = YES;
				INFOPLIST_KEY_UIApplicationSupportsIndirectInputEvents = YES;
				INFOPLIST_KEY_UILaunchScreen_Generation = YES;
				INFOPLIST_KEY_UISupportedInterfaceOrientations_iPad = "UIInterfaceOrientationPortrait UIInterfaceOrientationPortraitUpsideDown UIInterfaceOrientationLandscapeLeft UIInterfaceOrientationLandscapeRight";
				INFOPLIST_KEY_UISupportedInterfaceOrientations_iPhone = "UIInterfaceOrientationPortrait UIInterfaceOrientationLandscapeLeft UIInterfaceOrientationLandscapeRight";
				LD_RUNPATH_SEARCH_PATHS = (
					"$(inherited)",
					"@executable_path/Frameworks",
				);
				MARKETING_VERSION = 1.0;
				PRODUCT_BUNDLE_IDENTIFIER = stream.livad.Livad;
				PRODUCT_NAME = "$(TARGET_NAME)";
				PROVISIONING_PROFILE_SPECIFIER = "";
				SWIFT_EMIT_LOC_STRINGS = YES;
				SWIFT_VERSION = 5.0;
				TARGETED_DEVICE_FAMILY = "1,2";
			};
			name = Release;
		};
/* End XCBuildConfiguration section */

/* Begin XCConfigurationList section */
		57C1316B281C4BC700E3FE1F /* Build configuration list for PBXProject "Livad" */ = {
			isa = XCConfigurationList;
			buildConfigurations = (
				57C1317C281C4BCE00E3FE1F /* Debug */,
				57C1317D281C4BCE00E3FE1F /* Release */,
			);
			defaultConfigurationIsVisible = 0;
			defaultConfigurationName = Release;
		};
		57C1317E281C4BCE00E3FE1F /* Build configuration list for PBXNativeTarget "Livad" */ = {
			isa = XCConfigurationList;
			buildConfigurations = (
				57C1317F281C4BCE00E3FE1F /* Debug */,
				57C13180281C4BCE00E3FE1F /* Release */,
			);
			defaultConfigurationIsVisible = 0;
			defaultConfigurationName = Release;
		};
/* End XCConfigurationList section */

/* Begin XCRemoteSwiftPackageReference section */
		4D87CB542874D1E4007794E0 /* XCRemoteSwiftPackageReference "swift-collections" */ = {
			isa = XCRemoteSwiftPackageReference;
			repositoryURL = "https://github.com/apple/swift-collections.git";
			requirement = {
				kind = upToNextMajorVersion;
				minimumVersion = 1.0.0;
			};
		};
		57E86B3C283C0EEF00831A5E /* XCRemoteSwiftPackageReference "Auth0" */ = {
			isa = XCRemoteSwiftPackageReference;
			repositoryURL = "https://github.com/auth0/Auth0.swift";
			requirement = {
				kind = upToNextMajorVersion;
				minimumVersion = 2.0.0;
			};
		};
/* End XCRemoteSwiftPackageReference section */

/* Begin XCSwiftPackageProductDependency section */
		4D87CB552874D1E4007794E0 /* Collections */ = {
			isa = XCSwiftPackageProductDependency;
			package = 4D87CB542874D1E4007794E0 /* XCRemoteSwiftPackageReference "swift-collections" */;
			productName = Collections;
		};
		4D87CB572874D1E4007794E0 /* DequeModule */ = {
			isa = XCSwiftPackageProductDependency;
			package = 4D87CB542874D1E4007794E0 /* XCRemoteSwiftPackageReference "swift-collections" */;
			productName = DequeModule;
		};
		4D87CB592874D1E4007794E0 /* OrderedCollections */ = {
			isa = XCSwiftPackageProductDependency;
			package = 4D87CB542874D1E4007794E0 /* XCRemoteSwiftPackageReference "swift-collections" */;
			productName = OrderedCollections;
		};
		57E86B3D283C0EEF00831A5E /* Auth0 */ = {
			isa = XCSwiftPackageProductDependency;
			package = 57E86B3C283C0EEF00831A5E /* XCRemoteSwiftPackageReference "Auth0" */;
			productName = Auth0;
		};
/* End XCSwiftPackageProductDependency section */
	};
	rootObject = 57C13168281C4BC700E3FE1F /* Project object */;
}
